{
  "name": "rs",
  "version": "0.0.0",
  "lockfileVersion": 3,
  "requires": true,
  "packages": {
    "": {
      "name": "rs",
      "version": "0.0.0",
      "dependencies": {
        "react": "^19.2.8",
        "react-dom": "^19.2.8"
      },
      "devDependencies": {
        "@types/react": "^19.2.17",
        "@types/react-dom": "^19.2.3",
        "@vitejs/plugin-react": "^6.0.4",
        "oxlint": "^1.75.0",
        "vite": "^8.2.0"
      }
    },
    "node_modules/@oxc-project/types": {
      "version": "0.143.0",
      "resolved": "https://registry.npmjs.org/@oxc-project/types/-/types-0.143.0.tgz",
      "integrity": "sha512-u6JZdLBTLotrNC9Vd6vPssINdzcCzleKAH6EJKImQb7GtYvX5keN2dxkoK44stCc4tffE6QQRtZTXVSzsLUlWA==",
      "dev": true,
      "license": "MIT",
      "funding": {
        "url": "https://github.com/sponsors/Boshen"
      }
    },
    "node_modules/@oxlint/binding-android-arm-eabi": {
      "version": "1.77.0",
      "resolved": "https://registry.npmjs.org/@oxlint/binding-android-arm-eabi/-/binding-android-arm-eabi-1.77.0.tgz",
      "integrity": "sha512-E06sKWS6PiI6HRxS1wyQg22HvApt01hI7fV+T3wUk3OSbaaP4a3hYGY/MIQDmASqCiRjBdpRQYkgMkqH82cWmQ==",
      "cpu": [
        "arm"
      ],
      "dev": true,
      "license": "MIT",
      "optional": true,
      "os": [
        "android"
      ],
      "engines": {
        "node": "^20.19.0 || >=22.12.0"
      }
    },
    "node_modules/@oxlint/binding-android-arm64": {
      "version": "1.77.0",
      "resolved": "https://registry.npmjs.org/@oxlint/binding-android-arm64/-/binding-android-arm64-1.77.0.tgz",
      "integrity": "sha512-NvsKz0KZxTp9cYWPLf+FXaSZwB3oO3peAjtukpOMBgse2vhQSoIIVqeO1yR0lEo/UcdZIDL18uq+kL0LzQ0ytA==",
      "cpu": [
        "arm64"
      ],
      "dev": true,
      "license": "MIT",
      "optional": true,
      "os": [
        "android"
      ],
      "engines": {
        "node": "^20.19.0 || >=22.12.0"
      }
    },
    "node_modules/@oxlint/binding-darwin-arm64": {
      "version": "1.77.0",
      "resolved": "https://registry.npmjs.org/@oxlint/binding-darwin-arm64/-/binding-darwin-arm64-1.77.0.tgz",
      "integrity": "sha512-bgjTn6nW4bQCFBvSvuHCpDD+sONvmpo4lGI4PxzMt1quBA+xYxhczk6RiCn3GZ9gY8uhaBbwhj9MdKGfu6T9DA==",
      "cpu": [
        "arm64"
      ],
      "dev": true,
      "license": "MIT",
      "optional": true,
      "os": [
        "darwin"
      ],
      "engines": {
        "node": "^20.19.0 || >=22.12.0"
      }
    },
    "node_modules/@oxlint/binding-darwin-x64": {
      "version": "1.77.0",
      "resolved": "https://registry.npmjs.org/@oxlint/binding-darwin-x64/-/binding-darwin-x64-1.77.0.tgz",
      "integrity": "sha512-aotaIttH1R6j1Rwhx0M0htgeZyGtVQqYNTVEYMN/UcgHPquGA6kmk9OyuDc3a2GKUQBC+3C3GVQCcrRPMYqAFA==",
      "cpu": [
        "x64"
      ],
      "dev": true,
      "license": "MIT",
      "optional": true,
      "os": [
        "darwin"
      ],
      "engines": {
        "node": "^20.19.0 || >=22.12.0"
      }
    },
    "node_modules/@oxlint/binding-freebsd-x64": {
      "version": "1.77.0",
      "resolved": "https://registry.npmjs.org/@oxlint/binding-freebsd-x64/-/binding-freebsd-x64-1.77.0.tgz",
      "integrity": "sha512-nNx/wta7ksRAdYvq+l4AWjXkLxEXHALhENxjj2cYbQAIR4ybaA5L+hCbE63HOmft5czQ6ks+hb8vmEAnn7YGPg==",
      "cpu": [
        "x64"
      ],
      "dev": true,
      "license": "MIT",
      "optional": true,
      "os": [
        "freebsd"
      ],
      "engines": {
        "node": "^20.19.0 || >=22.12.0"
      }
    },
    "node_modules/@oxlint/binding-linux-arm-gnueabihf": {
      "version": "1.77.0",
      "resolved": "https://registry.npmjs.org/@oxlint/binding-linux-arm-gnueabihf/-/binding-linux-arm-gnueabihf-1.77.0.tgz",
      "integrity": "sha512-tMLLjM7xXtzXisVCzkOTXNCy9bZVId2wteNwjohlFDR/jY6WagpEDA1c1wu4xRc20Hojaxj+V6DSR7gbKxijWA==",
      "cpu": [
        "arm"
      ],
      "dev": true,
      "license": "MIT",
      "optional": true,
      "os": [
        "linux"
      ],
      "engines": {
        "node": "^20.19.0 || >=22.12.0"
      }
    },
    "node_modules/@oxlint/binding-linux-arm-musleabihf": {
      "version": "1.77.0",
      "resolved": "https://registry.npmjs.org/@oxlint/binding-linux-arm-musleabihf/-/binding-linux-arm-musleabihf-1.77.0.tgz",
      "integrity": "sha512-MiAFDFaqR0tmHTAyo0YDcZ5hyLREdYw/RQhc2R3cbT+8O3tB+zqPM2th9TTQ+Uo3jn/embS+DO+HyX9ztCPkOQ==",
      "cpu": [
        "arm"
      ],
      "dev": true,
      "license": "MIT",
      "optional": true,
      "os": [
        "linux"
      ],
      "engines": {
        "node": "^20.19.0 || >=22.12.0"
      }
    },
    "node_modules/@oxlint/binding-linux-arm64-gnu": {
      "version": "1.77.0",
      "resolved": "https://registry.npmjs.org/@oxlint/binding-linux-arm64-gnu/-/binding-linux-arm64-gnu-1.77.0.tgz",
      "integrity": "sha512-/xqQ3B16i1T4cyt/9Mn+4CpzhUXoBXp7kVpIwzOXNFLj5JmK1bIjsbSnX296Gg8A/o7oDtKWikFgBx0SLwztkw==",
      "cpu": [
        "arm64"
      ],
      "dev": true,
      "libc": [
        "glibc"
      ],
      "license": "MIT",
      "optional": true,
      "os": [
        "linux"
      ],
      "engines": {
        "node": "^20.19.0 || >=22.12.0"
      }
    },
    "node_modules/@oxlint/binding-linux-arm64-musl": {
      "version": "1.77.0",
      "resolved": "https://registry.npmjs.org/@oxlint/binding-linux-arm64-musl/-/binding-linux-arm64-musl-1.77.0.tgz",
      "integrity": "sha512-LSbwuRKiNCenPDcbARqAZ5RfBy7gmj7vOvfJRLeCDU3gFtSxWbhv/+VTlaUqzUhNj1gFLHB8h7ALnxa/Az6z6g==",
      "cpu": [
        "arm64"
      ],
      "dev": true,
      "libc": [
        "musl"
      ],
      "license": "MIT",
      "optional": true,
      "os": [
        "linux"
      ],
      "engines": {
        "node": "^20.19.0 || >=22.12.0"
      }
    },
    "node_modules/@oxlint/binding-linux-ppc64-gnu": {
      "version": "1.77.0",
      "resolved": "https://registry.npmjs.org/@oxlint/binding-linux-ppc64-gnu/-/binding-linux-ppc64-gnu-1.77.0.tgz",
      "integrity": "sha512-QWdcH31mXEUe5Nq1s0CfCpceaKjIo9uZtwDjAuL681g1axf+5x8xrg/eXWaw//4NCxYZ4V4e5Hu5tvdR+pTBlg==",
      "cpu": [
        "ppc64"
      ],
      "dev": true,
      "libc": [
        "glibc"
      ],
      "license": "MIT",
      "optional": true,
      "os": [
        "linux"
      ],
      "engines": {
        "node": "^20.19.0 || >=22.12.0"
      }
    },
    "node_modules/@oxlint/binding-linux-riscv64-gnu": {
      "version": "1.77.0",
      "resolved": "https://registry.npmjs.org/@oxlint/binding-linux-riscv64-gnu/-/binding-linux-riscv64-gnu-1.77.0.tgz",
      "integrity": "sha512-GnOfYgJxbcElOiPZaDFDl406ONddwvOWk2jvAAAEjwAl4GofNoHF+/HHUIBYa6bFCArlcGPi0XjC4cU1pkgF/Q==",
      "cpu": [
        "riscv64"
      ],
      "dev": true,
      "libc": [
        "glibc"
      ],
      "license": "MIT",
      "optional": true,
      "os": [
        "linux"
      ],
      "engines": {
        "node": "^20.19.0 || >=22.12.0"
      }
    },
    "node_modules/@oxlint/binding-linux-riscv64-musl": {
      "version": "1.77.0",
      "resolved": "https://registry.npmjs.org/@oxlint/binding-linux-riscv64-musl/-/binding-linux-riscv64-musl-1.77.0.tgz",
      "integrity": "sha512-AyEMTUCf0xY+hHF+IxqXFQIX0yQOIR8ykpY0lJNOw9xYqOzUX8dyZfRvlG0RfXwuQn2eonf/8NrMmDSZJjdqsA==",
      "cpu": [
        "riscv64"
      ],
      "dev": true,
      "libc": [
        "musl"
      ],
      "license": "MIT",
      "optional": true,
      "os": [
        "linux"
      ],
      "engines": {
        "node": "^20.19.0 || >=22.12.0"
      }
    },
    "node_modules/@oxlint/binding-linux-s390x-gnu": {
      "version": "1.77.0",
      "resolved": "https://registry.npmjs.org/@oxlint/binding-linux-s390x-gnu/-/binding-linux-s390x-gnu-1.77.0.tgz",
      "integrity": "sha512-sPLzEcNvxd/oyVQ5oZo92CiHkFkpBeRop13E/P3TPY+hZfXHKCOWKI70TE2RYwMKFJDc20EMjH16L7NZICtKTw==",
      "cpu": [
        "s390x"
      ],
      "dev": true,
      "libc": [
        "glibc"
      ],
      "license": "MIT",
      "optional": true,
      "os": [
        "linux"
      ],
      "engines": {
        "node": "^20.19.0 || >=22.12.0"
      }
    },
    "node_modules/@oxlint/binding-linux-x64-gnu": {
      "version": "1.77.0",
      "resolved": "https://registry.npmjs.org/@oxlint/binding-linux-x64-gnu/-/binding-linux-x64-gnu-1.77.0.tgz",
      "integrity": "sha512-1Oh2ssH2L7lwyvkdSqaMUfsGfwU2Wfvew+obBUYjRVqhpBcUpwnsPSEr1IzVi9XqkuY10geiLsNKecqaZC34Dw==",
      "cpu": [
        "x64"
      ],
      "dev": true,
      "libc": [
        "glibc"
      ],
      "license": "MIT",
      "optional": true,
      "os": [
        "linux"
      ],
      "engines": {
        "node": "^20.19.0 || >=22.12.0"
      }
    },
    "node_modules/@oxlint/binding-linux-x64-musl": {
      "version": "1.77.0",
      "resolved": "https://registry.npmjs.org/@oxlint/binding-linux-x64-musl/-/binding-linux-x64-musl-1.77.0.tgz",
      "integrity": "sha512-0j/2wRgNGO+Qj/M1uu/p57h/hFTTWWcfie0ufkbabeus2s5+/QqkCflnMOwLLN5m2GsNeWp4xdl4cPa4n7QCOQ==",
      "cpu": [
        "x64"
      ],
      "dev": true,
      "libc": [
        "musl"
      ],
      "license": "MIT",
      "optional": true,
      "os": [
        "linux"
      ],
      "engines": {
        "node": "^20.19.0 || >=22.12.0"
      }
    },
    "node_modules/@oxlint/binding-openharmony-arm64": {
      "version": "1.77.0",
      "resolved": "https://registry.npmjs.org/@oxlint/binding-openharmony-arm64/-/binding-openharmony-arm64-1.77.0.tgz",
      "integrity": "sha512-BJ/j54qS0usEnyDkLYURMj2iiD9h5Cyy+ppzeMSXBGRXaGRNWnj1Mw14NqWMR5E/PzdgB30OOCCzLzbRoduafw==",
      "cpu": [
        "arm64"
      ],
      "dev": true,
      "license": "MIT",
      "optional": true,
      "os": [
        "openharmony"
      ],
      "engines": {
        "node": "^20.19.0 || >=22.12.0"
      }
    },
    "node_modules/@oxlint/binding-win32-arm64-msvc": {
      "version": "1.77.0",
      "resolved": "https://registry.npmjs.org/@oxlint/binding-win32-arm64-msvc/-/binding-win32-arm64-msvc-1.77.0.tgz",
      "integrity": "sha512-Yh8w+g2Lpx7StrvtYkoz9JJvXjB9wxgFChFNb85nrXm/wj/XTwGWS1hve9+900HL7llrntYB3YP+y32E3tRqzA==",
      "cpu": [
        "arm64"
      ],
      "dev": true,
      "license": "MIT",
      "optional": true,
      "os": [
        "win32"
      ],
      "engines": {
        "node": "^20.19.0 || >=22.12.0"
      }
    },
    "node_modules/@oxlint/binding-win32-ia32-msvc": {
      "version": "1.77.0",
      "resolved": "https://registry.npmjs.org/@oxlint/binding-win32-ia32-msvc/-/binding-win32-ia32-msvc-1.77.0.tgz",
      "integrity": "sha512-zja5b7+6a7UsRFgAQSrnax5vrzliEyNPLCjfXONu/vTWswaIVZGFajJZptaeRvPE4LghtFdAzVFlexTm7MVTGA==",
      "cpu": [
        "ia32"
      ],
      "dev": true,
      "license": "MIT",
      "optional": true,
      "os": [
        "win32"
      ],
      "engines": {
        "node": "^20.19.0 || >=22.12.0"
      }
    },
    "node_modules/@oxlint/binding-win32-x64-msvc": {
      "version": "1.77.0",
      "resolved": "https://registry.npmjs.org/@oxlint/binding-win32-x64-msvc/-/binding-win32-x64-msvc-1.77.0.tgz",
      "integrity": "sha512-+teyvPDZ2RjUvo+SuCqS/UhaJl1QtdW5fWT5NJTV61V5MIuIS90Db9LixmtEGvXixyttiK62P96MSu3UlpviBw==",
      "cpu": [
        "x64"
      ],
      "dev": true,
      "license": "MIT",
      "optional": true,
      "os": [
        "win32"
      ],
      "engines": {
        "node": "^20.19.0 || >=22.12.0"
      }
    },
    "node_modules/@rolldown/binding-android-arm64": {
      "version": "1.2.3",
      "resolved": "https://registry.npmjs.org/@rolldown/binding-android-arm64/-/binding-android-arm64-1.2.3.tgz",
      "integrity": "sha512-zrJtHDcaZJ1Fp7xf4hNl+7seH9Cn/N5TwLYkhgXREtBwAd/jaqW3uqeHxpDugJLVICWg4eW44kOQEGJ1r6jCGw==",
      "cpu": [
        "arm64"
      ],
      "dev": true,
      "license": "MIT",
      "optional": true,
      "os": [
        "android"
      ],
      "engines": {
        "node": "^20.19.0 || >=22.12.0"
      }
    },
    "node_modules/@rolldown/binding-darwin-arm64": {
      "version": "1.2.3",
      "resolved": "https://registry.npmjs.org/@rolldown/binding-darwin-arm64/-/binding-darwin-arm64-1.2.3.tgz",
      "integrity": "sha512-ieIiibVCp0tX7TLu2cafoNPv8wJyYi01ekXpbf8q2j7F4rGAhhXb/eQh7ge9DRBY78GwmRQtvjZDux7EDbA8kA==",
      "cpu": [
        "arm64"
      ],
      "dev": true,
      "license": "MIT",
      "optional": true,
      "os": [
        "darwin"
      ],
      "engines": {
        "node": "^20.19.0 || >=22.12.0"
      }
    },
    "node_modules/@rolldown/binding-darwin-x64": {
      "version": "1.2.3",
      "resolved": "https://registry.npmjs.org/@rolldown/binding-darwin-x64/-/binding-darwin-x64-1.2.3.tgz",
      "integrity": "sha512-Zh9tCon19eDXJoihx0rqKhMUlMYqzwj3aPsSuHmI4RWZh62dWUL+DJN4C5YQya5TcQBJU/Fe8+rY0jhXTQITqA==",
      "cpu": [
        "x64"
      ],
      "dev": true,
      "license": "MIT",
      "optional": true,
      "os": [
        "darwin"
      ],
      "engines": {
        "node": "^20.19.0 || >=22.12.0"
      }
    },
    "node_modules/@rolldown/binding-freebsd-x64": {
      "version": "1.2.3",
      "resolved": "https://registry.npmjs.org/@rolldown/binding-freebsd-x64/-/binding-freebsd-x64-1.2.3.tgz",
      "integrity": "sha512-nGbJWewA1wrXXZiQhjAT5rhibGfns5ZNkDVqxsO6zJ3f3YvpoDNNmGMSbbhLuXKjNScaBJVOAboztAWVespQMg==",
      "cpu": [
        "x64"
      ],
      "dev": true,
      "license": "MIT",
      "optional": true,
      "os": [
        "freebsd"
      ],
      "engines": {
        "node": "^20.19.0 || >=22.12.0"
      }
    },
    "node_modules/@rolldown/binding-linux-arm-gnueabihf": {
      "version": "1.2.3",
      "resolved": "https://registry.npmjs.org/@rolldown/binding-linux-arm-gnueabihf/-/binding-linux-arm-gnueabihf-1.2.3.tgz",
      "integrity": "sha512-QNniJr5Kml0kDEB98jiDOJjXNroxIIi0IXIbdYzY26Xt1pVbeP62+KnoIZLwirOymX/0jDk/2gI/bNUv7A7OIw==",
      "cpu": [
        "arm"
      ],
      "dev": true,
      "license": "MIT",
      "optional": true,
      "os": [
        "linux"
      ],
      "engines": {
        "node": "^20.19.0 || >=22.12.0"
      }
    },
    "node_modules/@rolldown/binding-linux-arm64-gnu": {
      "version": "1.2.3",
      "resolved": "https://registry.npmjs.org/@rolldown/binding-linux-arm64-gnu/-/binding-linux-arm64-gnu-1.2.3.tgz",
      "integrity": "sha512-TkqEAcmmvH3I/q4114NB4RVt6241Dao48pF45uLcFGrwAaIn0iITgTAKP/dLjbN0R4buJjGb91+UHSoFmpgIWw==",
      "cpu": [
        "arm64"
      ],
      "dev": true,
      "libc": [
        "glibc"
      ],
      "license": "MIT",
      "optional": true,
      "os": [
        "linux"
      ],
      "engines": {
        "node": "^20.19.0 || >=22.12.0"
      }
    },
    "node_modules/@rolldown/binding-linux-arm64-musl": {
      "version": "1.2.3",
      "resolved": "https://registry.npmjs.org/@rolldown/binding-linux-arm64-musl/-/binding-linux-arm64-musl-1.2.3.tgz",
      "integrity": "sha512-NHqjnxpsndf4MPymxteFAWHHfkTL8HjWh1KB7z23ofZ6QO2euONuxDXjat69dKZRALnGypg8k8SsK8vZJoXv1Q==",
      "cpu": [
        "arm64"
      ],
      "dev": true,
    ß8¶‰žËkºwµçMÑÉä¹¹Áµ©Ì¹½Éœ½±¥¡Ñ¹¥¹ÍÌµ‘…ÉÝ¥¸µàØÐ¼´½±¥¡Ñ¹¥¹ÍÌµ‘…ÉÝ¥¸µàØÐ´Ä¸ÌÌ¸À¹Ñèˆ°(€€€€€€‰¥¹Ñ•É¥Ñäˆè€‰Í¡„ÔÄÈµhÕUAáéÉ©±]99åäÙ¤ØÕ)ééÙ(ÕÍPÙÝ5ÙÌ­]ÁdåÝÅI¡9ÉáÅÀÙ1¡á%i¡]ÜÄáI™)QIá©Õ1%	È­´áaDôôˆ°(€€€€€€‰ÁÔˆèl(€€€€€€€€‰àØÐˆ(€€€€€t°(€€€€€€‰‘•ØˆèÑÉÕ”°(€€€€€€‰±¥•¹Í”ˆè€‰5A0´È¸Àˆ°(€€€€€€‰½ÁÑ¥½¹…°ˆèÑÉÕ”°(€€€€€€‰½Ìˆèl(€€€€€€€€‰‘…ÉÝ¥¸ˆ(€€€€€t°(€€€€€€‰•¹¥¹•Ìˆèì(€€€€€€€€‰¹½‘”ˆè€ˆøô€ÄÈ¸À¸Àˆ(€€€€€ô°(€€€€€€‰™Õ¹‘¥¹œˆèì(€€€€€€€€‰ÑåÁ”ˆè€‰½Á•¹½±±•Ñ¥Ù”ˆ°(€€€€€€€€‰ÕÉ°ˆè€‰¡ÑÑÁÌè¼½½Á•¹½±±•Ñ¥Ù”¹½´½Á…É•°ˆ(€€€€€ô(€€€ô°(€€€€‰¹½‘•}µ½‘Õ±•Ì½±¥¡Ñ¹¥¹ÍÌµ™É••‰ÍµàØÐˆèì(€€€€€€‰Ù•ÉÍ¥½¸ˆè€ˆÄ¸ÌÌ¸Àˆ°(€€€€€€‰É•Í½±Ù•ˆè€‰¡ÑÑÁÌè¼½É•¥ÍÑÉä¹¹Áµ©Ì¹½Éœ½±¥¡Ñ¹¥¹ÍÌµ™É••‰ÍµàØÐ¼´½±¥¡Ñ¹¥¹ÍÌµ™É••‰ÍµàØÐ´Ä¸ÌÌ¸À¹Ñèˆ°(€€€€€€‰¥¹Ñ•É¥Ñäˆè€‰Í¡„ÔÄÈµEE4½Q¤½¡E…©)Ýd­I¥]ÕhåÍ‘Ñ$½aE¬Ý¹,ÕÙá­­‘Ý¥á•é=±ÙàÜ­IP­E©,ÙPÑ5ÁÍÕ½	¹!%¼½<ÍMÑIIœôôˆ°(€€€€€€‰ÁÔˆèl(€€€€€€€€‰àØÐˆ(€€€€€t°(€€€€€€‰‘•ØˆèÑÉÕ”°(€€€€€€‰±¥•¹Í”ˆè€‰5A0´È¸Àˆ°(€€€€€€‰½ÁÑ¥½¹…°ˆèÑÉÕ”°(€€€€€€‰½Ìˆèl(€€€€€€€€‰™É••‰Íˆ(€€€€€t°(€€€€€€‰•¹¥¹•Ìˆèì(€€€€€€€€‰¹½‘”ˆè€ˆøô€ÄÈ¸À¸Àˆ(€€€€€ô°(€€€€€€‰™Õ¹‘¥¹œˆèì(€€€€€€€€‰ÑåÁ”ˆè€‰½Á•¹½±±•Ñ¥Ù”ˆ°(€€€€€€€€‰ÕÉ°ˆè€‰¡ÑÑÁÌè¼½½Á•¹½±±•Ñ¥Ù”¹½´½Á…É•°ˆ(€€€€€ô(€€€ô°(€€€€‰¹½‘•}µ½‘Õ±•Ì½±¥¡Ñ¹¥¹ÍÌµ±¥¹Õàµ…É´µ¹Õ•…‰¥¡˜ˆèì(€€€€€€‰Ù•ÉÍ¥½¸ˆè€ˆÄ¸ÌÌ¸Àˆ°(€€€€€€‰É•Í½±Ù•ˆè€‰¡ÑÑÁÌè¼½É•¥ÍÑÉä¹¹Áµ©Ì¹½Éœ½±¥¡Ñ¹¥¹ÍÌµ±¥¹Õàµ…É´µ¹Õ•…‰¥¡˜¼´½±¥¡Ñ¹¥¹ÍÌµ±¥¹Õàµ…É´µ¹Õ•…‰¥¡˜´Ä¸ÌÌ¸À¹Ñèˆ°(€€€€€€‰¥¹Ñ•É¥Ñäˆè€‰Í¡„ÔÄÈµ8ÝY	”Ù¥LÈÑ5±4ÙH¼ÑI	Qá¡E¡•iÌÝÑ¥DåTÌÉUÑÜÕ9é@ÕDÝá]AIÅ1	-á±IEI¬ÍÉdÅ©%A1éàÝ]é=¡ÕU%I1Dôôˆ°(€€€€€€‰ÁÔˆèl(€€€€€€€€‰…É´ˆ(€€€€€t°(€€€€€€‰‘•ØˆèÑÉÕ”°(€€€€€€‰±¥•¹Í”ˆè€‰5A0´È¸Àˆ°(€€€€€€‰½ÁÑ¥½¹…°ˆèÑÉÕ”°(€€€€€€‰½Ìˆèl(€€€€€€€€‰±¥¹Õàˆ(€€€€€t°(€€€€€€‰•¹¥¹•Ìˆèì(€€€€€€€€‰¹½‘”ˆè€ˆøô€ÄÈ¸À¸Àˆ(€€€€€ô°(€€€€€€‰™Õ¹‘¥¹œˆèì(€€€€€€€€‰ÑåÁ”ˆè€‰½Á•¹½±±•Ñ¥Ù”ˆ°(€€€€€€€€‰ÕÉ°ˆè€‰¡ÑÑÁÌè¼½½Á•¹½±±•Ñ¥Ù”¹½´½Á…É•°ˆ(€€€€€ô(€€€ô°(€€€€‰¹½‘•}µ½‘Õ±•Ì½±¥¡Ñ¹¥¹ÍÌµ±¥¹Õàµ…É´ØÐµ¹Ôˆèì(€€€€€€‰Ù•ÉÍ¥½¸ˆè€ˆÄ¸ÌÌ¸Àˆ°(€€€€€€‰É•Í½±Ù•ˆè€‰¡ÑÑÁÌè¼½É•¥ÍÑÉä¹¹Áµ©Ì¹½Éœ½±¥¡Ñ¹¥¹ÍÌµ±¥¹Õàµ…É´ØÐµ¹Ô¼´½±¥¡Ñ¹¥¹ÍÌµ±¥¹Õàµ…É´ØÐµ¹Ô´Ä¸ÌÌ¸À¹Ñèˆ°(€€€€€€‰¥¹Ñ•É¥Ñäˆè€‰Í¡„ÔÄÈµ¨ÉØ½¥ÑµäÑ!±9á±ŒÙÙ½-ae	Å9¤Á9œÉ1M¡œÑèÝÕ™ÁÌÀÕ@¬ÉÍÕ	Yå¤å$Ùe!ÄÕÕ½YàåQ¥¸Í•¡1YåaE¹-œôôˆ°(€€€€€€‰ÁÔˆèl(€€€€€€€€‰…É´ØÐˆ(€€€€€t°(€€€€€€‰‘•ØˆèÑÉÕ”°(€€€€€€‰±¥‰Œˆèl(€€€€€€€€‰±¥‰Œˆ(€€€€€t°(€€€€€€‰±¥•¹Í”ˆè€‰5A0´È¸Àˆ°(€€€€€€‰½ÁÑ¥½¹…°ˆèÑÉÕ”°(€€€€€€‰½Ìˆèl(€€€€€€€€‰±¥¹Õàˆ(€€€€€t°(€€€€€€‰•¹¥¹•Ìˆèì(€€€€€€€€‰¹½‘”ˆè€ˆøô€ÄÈ¸À¸Àˆ(€€€€€ô°(€€€€€€‰™Õ¹‘¥¹œˆèì(€€€€€€€€‰ÑåÁ”ˆè€‰½Á•¹½±±•Ñ¥Ù”ˆ°(€€€€€€€€‰ÕÉ°ˆè€‰¡ÑÑÁÌè¼½½Á•¹½±±•Ñ¥Ù”¹½´½Á…É•°ˆ(€€€€€ô(€€€ô°(€€€€‰¹½‘•}µ½‘Õ±•Ì½±¥¡Ñ¹¥¹ÍÌµ±¥¹Õàµ…É´ØÐµµÕÍ°ˆèì(€€€€€€‰Ù•ÉÍ¥½¸ˆè€ˆÄ¸ÌÌ¸Àˆ°(€€€€€€‰É•Í½±Ù•ˆè€‰¡ÑÑÁÌè¼½É•¥ÍÑÉä¹¹Áµ©Ì¹½Éœ½±¥¡Ñ¹¥¹ÍÌµ±¥¹Õàµ…É´ØÐµµÕÍ°¼´½±¥¡Ñ¹¥¹ÍÌµ±¥¹Õàµ…É´ØÐµµÕÍ°´Ä¸ÌÌ¸À¹Ñèˆ°(€€€€€€‰¥¹Ñ•É¥Ñäˆè€‰Í¡„ÔÄÈµå¥<ÕI=5ÕeEa‰ØÁå©iTÕeMi-a0Á!QaÐåµ!)¸Ä­é\ÔÕ½Ñ5$å9™Y¡e150ÝXÝ½	A½¸½µ55œÉ=ÙÑDôôˆ°(€€€€€€‰ÁÔˆèl(€€€€€€€€‰…É´ØÐˆ(€€€€€t°(€€€€€€‰‘•ØˆèÑÉÕ”°(€€€€€€‰±¥‰Œˆèl(€€€€€€€€‰µÕÍ°ˆ(€€€€€t°(€€€€€€‰±¥•¹Í”ˆè€‰5A0´È¸Àˆ°(€€€€€€‰½ÁÑ¥½¹…°ˆèÑÉÕ”°(€€€€€€‰½Ìˆèl(€€€€€€€€‰±¥¹Õàˆ(€€€€€t°(€€€€€€‰•¹¥¹•Ìˆèì(€€€€€€€€‰¹½‘”ˆè€ˆøô€ÄÈ¸À¸Àˆ(€€€€€ô°(€€€€€€‰™Õ¹‘¥¹œˆèì(€€€€€€€€‰ÑåÁ”ˆè€‰½Á•¹½±±•Ñ¥Ù”ˆ°(€€€€€€€€‰ÕÉ°ˆè€‰¡ÑÑÁÌè¼½½Á•¹½±±•Ñ¥Ù”¹½´½Á…É•°ˆ(€€€€€ô(€€€ô°(€€€€‰¹½‘•}µ½‘Õ±•Ì½±¥¡Ñ¹¥¹ÍÌµ±¥¹ÕàµàØÐµ¹Ôˆèì(€€€€€€‰Ù•ÉÍ¥½¸ˆè€ˆÄ¸ÌÌ¸Àˆ°(€€€€€€‰É•Í½±Ù•ˆè€‰¡ÑÑÁÌè¼½É•¥ÍÑÉä¹¹Áµ©Ì¹½Éœ½±¥¡Ñ¹¥¹ÍÌµ±¥¹ÕàµàØÐµ¹Ô¼´½±¥¡Ñ¹¥¹ÍÌµ±¥¹ÕàµàØÐµ¹Ô´Ä¸ÌÌ¸À¹Ñèˆ°(€€€€€€‰¥¹Ñ•É¥Ñäˆè€‰Í¡„ÔÄÈµ…È­)ÔÝ1µ8Á)¼ÑÁ0Ñ¡Áå‰Ý9ä¼Í½	ÈÕ-\É¸É©å=œÍ5ia…e‘•µ½9L­	9™5-Ùå±)1¨ÑLÕÑåIÑÕœôôˆ°(€€€€€€‰ÁÔˆèl(€€€€€€€€‰àØÐˆ(€€€€€t°(€€€€€€‰‘•ØˆèÑÉÕ”°(€€€€€€‰±¥‰Œˆèl(€€€€€€€€‰±¥‰Œˆ(€€€€€t°(€€€€€€‰±¥•¹Í”ˆè€‰5A0´È¸Àˆ°(€€€€€€‰½ÁÑ¥½¹…°ˆèÑÉÕ”°(€€€€€€‰½Ìˆèl(€€€€€€€€‰±¥¹Õàˆ(€€€€€t°(€€€€€€‰•¹¥¹•Ìˆèì(€€€€€€€€‰¹½‘”ˆè€ˆøô€ÄÈ¸À¸Àˆ(€€€€€ô°(€€€€€€‰™Õ¹‘¥¹œˆèì(€€€€€€€€‰ÑåÁ”ˆè€‰½Á•¹½±±•Ñ¥Ù”ˆ°(€€€€€€€€‰ÕÉ°ˆè€‰¡ÑÑÁÌè¼½½Á•¹½±±•Ñ¥Ù”¹½´½Á…É•°ˆ(€€€€€ô(€€€ô°(€€€€‰¹½‘•}µ½‘Õ±•Ì½±¥¡Ñ¹¥¹ÍÌµ±¥¹ÕàµàØÐµµÕÍ°ˆèì(€€€€€€‰Ù•ÉÍ¥½¸ˆè€ˆÄ¸ÌÌ¸Àˆ°(€€€€€€‰É•Í½±Ù•ˆè€‰¡ÑÑÁÌè¼½É•¥ÍÑÉä¹¹Áµ©Ì¹½Éœ½±¥¡Ñ¹¥¹ÍÌµ±¥¹ÕàµàØÐµµÕÍ°¼´½±¥¡Ñ¹¥¹ÍÌµ±¥¹ÕàµàØÐµµÕÍ°´Ä¸ÌÌ¸À¹Ñèˆ°(€€€€€€‰¥¹Ñ•É¥Ñäˆè€‰Í¡„ÔÄÈµIe¥e‰­½­ÜÁÑÉ™-ÅÅé™ÔÕ±¥¹ÝAÉÍ=)™QÕ)éÌÅ5,Ù¥¹•¹…èÅ™Å11Ñ`Ñ%QÍ=­Ñ)Ea=•Q…ÜÅ…ÝÉ	±iAÜôôˆ°(€€€€€€‰ÁÔˆèl(€€€€€€€€‰àØÐˆ(€€€€€t°(€€€€€€‰‘•ØˆèÑÉÕ”°(€€€€€€‰±¥‰Œˆèl(€€€€€€€€‰µÕÍ°ˆ(€€€€€t°(€€€€€€‰±¥•¹Í”ˆè€‰5A0´È¸Àˆ°(€€€€€€‰½ÁÑ¥½¹…°ˆèÑÉÕ”°(€€€€€€‰½Ìˆèl(€€€€€€€€‰±¥¹Õàˆ(€€€€€t°(€€€€€€‰•¹¥¹•Ìˆèì(€€€€€€€€‰¹½‘”ˆè€ˆøô€ÄÈ¸À¸Àˆ(€€€€€ô°(€€€€€€‰™Õ¹‘¥¹œˆèì(€€€€€€€€‰ÑåÁ”ˆè€‰½Á•¹½±±•Ñ¥Ù”ˆ°(€€€€€€€€‰ÕÉ°ˆè€‰¡ÑÑÁÌè¼½½Á•¹½±±•Ñ¥Ù”¹½´½Á…É•°ˆ(€€€€€ô(€€€ô°(€€€€‰¹½‘•}µ½‘Õ±•Ì½±¥¡Ñ¹¥¹ÍÌµÝ¥¸ÌÈµ…É´ØÐµµÍÙŒˆèì(€€€€€€‰Ù•ÉÍ¥½¸ˆè€ˆÄ¸ÌÌ¸Àˆ°(€€€€€€‰É•Í½±Ù•ˆè€‰¡ÑÑÁÌè¼½É•¥ÍÑÉä¹¹Áµ©Ì¹½Éœ½±¥¡Ñ¹¥¹ÍÌµÝ¥¸ÌÈµ…É´ØÐµµÍÙŒ¼´½±¥¡Ñ¹¥¹ÍÌµÝ¥¸ÌÈµ…É´ØÐµµÍÙŒ´Ä¸ÌÌ¸À¹Ñèˆ°(€€€€€€‰¥¹Ñ•É¥Ñäˆè€‰Í¡„ÔÄÈ´Å,­5A™1MYÁÁ¡éÁ‘‰™­¡±]¬ÙÝ	ÉQ=‰	éLÉPÙ‘ˆÄÁA9=iHå½YÍ]éÝ9åÕ¡Uee‰QÀÈÍ¨¬ÑIÉ¹™Õ©hÑÕéaÙÝôôˆ°(€€€€€€‰ÁÔˆèl(€€€€€€€€‰…É´ØÐˆ(€€€€€t°(€€€€€€‰‘•ØˆèÑÉÕ”°(€€€€€€‰±¥•¹Í”ˆè€‰5A0´È¸Àˆ°(€€€€€€‰½ÁÑ¥½¹…°ˆèÑÉÕ”°(€€€€€€‰½Ìˆèl(€€€€€€€€‰Ý¥¸ÌÈˆ(€€€€€t°(€€€€€€‰•¹¥¹•Ìˆèì(€€€€€€€€‰¹½‘”ˆè€ˆøô€ÄÈ¸À¸Àˆ(€€€€€ô°(€€€€€€‰™Õ¹‘¥¹œˆèì(€€€€€€€€‰ÑåÁ”ˆè€‰½Á•¹½±±•Ñ¥Ù”ˆ°(€€€€€€€€‰ÕÉ°ˆè€‰¡ÑÑÁÌè¼½½Á•¹½±±•Ñ¥Ù”¹½´½Á…É•°ˆ(€€€€€ô(€€€ô°(€€€€‰¹½‘•}µ½‘Õ±•Ì½±¥¡Ñ¹¥¹ÍÌµÝ¥¸ÌÈµàØÐµµÍÙŒˆèì(€€€€€€‰Ù•ÉÍ¥½¸ˆè€ˆÄ¸ÌÌ¸Àˆ°(€€€€€€‰É•Í½±Ù•ˆè€‰¡ÑÑÁÌè¼½É•¥ÍÑÉä¹¹Áµ©Ì¹½Éœ½±¥¡Ñ¹¥¹ÍÌµÝ¥¸ÌÈµàØÐµµÍÙŒ¼´½±¥¡Ñ¹¥¹ÍÌµÝ¥¸ÌÈµàØÐµµÍÙŒ´Ä¸ÌÌ¸À¹Ñèˆ°(€€€€€€‰¥¹Ñ•É¥Ñäˆè€‰Í¡„ÔÄÈµ=±%à½a°ÁÅMÀÑ‰Éäáé¹ÙÁ¥œÍ°ÑÅÕÙeÝ!ÕÅ)-Ä­¸å9¹¥ÙÅ!µ5ØÅi­Å)ÉÅ--Må­Q`­•¡Õôôˆ°(€€€€€€‰ÁÔˆèl(€€€€€€€€‰àØÐˆ(€€€€€t°(€€€€€€‰‘•ØˆèÑÉÕ”°(€€€€€€‰±¥•¹Í”ˆè€‰5A0´È¸Àˆ°(€€€€€€‰½ÁÑ¥½¹…°ˆèÑÉÕ”°(€€€€€€‰½Ìˆèl(€€€€€€€€‰Ý¥¸ÌÈˆ(€€€€€t°(€€€€€€‰•¹¥¹•Ìˆèì(€€€€€€€€‰¹½‘”ˆè€ˆøô€ÄÈ¸À¸Àˆ(€€€€€ô°(€€€€€€‰™Õ¹‘¥¹œˆèì(€€€€€€€€‰ÑåÁ”ˆè€‰½Á•¹½±±•Ñ¥Ù”ˆ°(€€€€€€€€‰ÕÉ°ˆè€‰¡ÑÑÁÌè¼½½Á•¹½±±•Ñ¥Ù”¹½´½Á…É•°ˆ(€€€€€ô(€€€ô°(€€€€‰¹½‘•}µ½‘Õ±•Ì½¹…¹½¥ˆèì(€€€€€€‰Ù•ÉÍ¥½¸ˆè€ˆÌ¸Ì¸Äàˆ°(€€€€€€‰É•Í½±Ù•ˆè€‰¡ÑÑÁÌè¼½É•¥ÍÑÉä¹¹Áµ©Ì¹½Éœ½¹…¹½¥¼´½¹…¹½¥´Ì¸Ì¸Äà¹Ñèˆ°(€€€€€€‰¥¹Ñ•É¥Ñäˆè€‰Í¡„ÔÄÈµQœÑ5)‰5]­™¤ÙYi‘9ÐÈ½…5‰EäÑ=Ô­=À½¡)EÙ]¹Y™½ÅE­áéI-éÜå©Ø­Y==•eÈ½µ%ÕM‘ÕœÙØ­Üôôˆ°(€€€€€€‰‘•ØˆèÑÉÕ”°(€€€€€€‰™Õ¹‘¥¹œˆèl(€€€€€€€ì(€€€€€€€€€€‰ÑåÁ”ˆè€‰¥Ñ¡Õˆˆ°(€€€€€€€€€€‰ÕÉ°ˆè€‰¡ÑÑÁÌè¼½¥Ñ¡Õˆ¹½´½ÍÁ½¹Í½ÉÌ½…¤ˆ(€€€€€€€ô(€€€€€t°(€€€€€€‰±¥•¹Í”ˆè€‰5%Pˆ°(€€€€€€‰‰¥¸ˆèì(€€€€€€€€‰¹…¹½¥ˆè€‰‰¥¸½¹…¹½¥¹©Ìˆ(€€€€€ô°(€€€€€€‰•¹¥¹•Ìˆèì(€€€€€€€€‰¹½‘”ˆè€‰xÄÀñðxÄÈñðxÄÌ¸ÜñðxÄÐñð€øôÄÔ¸À¸Äˆ(€€€€€ô(€€€ô°(€€€€‰¹½‘•}µ½‘Õ±•Ì½½á±¥¹Ðˆèì(€€€€€€‰Ù•ÉÍ¥½¸ˆè€ˆÄ¸ÜÜ¸Àˆ°(€€€€€€‰É•Í½±Ù•ˆè€‰¡ÑÑÁÌè¼½É•¥ÍÑÉä¹¹Áµ©Ì¹½Éœ½½á±¥¹Ð¼´½½á±¥¹Ð´Ä¸ÜÜ¸À¹Ñèˆ°(€€€€€€‰¥¹Ñ•É¥Ñäˆè€‰Í¡„ÔÄÈµÅ¹ áa)!…DÁ‘ÁÉÉa9EiLÁ©$ÙØ­XÌ­`áÝµ…X¬¬Õ…µäÙ©-™‘DÅQUÙ¡UáÑµ-‰˜Ð½]•<ÕEi`¬Õ]M¹œôôˆ°(€€€€€€‰‘•ØˆèÑÉÕ”°(€€€€€€‰±¥•¹Í”ˆè€‰5%Pˆ°(€€€€€€‰‰¥¸ˆèì(€€€€€€€€‰½á±¥¹Ðˆè€‰‰¥¸½½á±¥¹Ðˆ(€€€€€ô°(€€€€€€‰•¹¥¹•Ìˆèì(€€€€€€€€‰¹½‘”ˆè€‰xÈÀ¸Ää¸Àñð€øôÈÈ¸ÄÈ¸Àˆ(€€€€€ô°(€€€€€€‰™Õ¹‘¥¹œˆèì(€€€€€€€€‰ÕÉ°ˆè€‰¡ÑÑÁÌè¼½¥Ñ¡Õˆ¹½´½ÍÁ½¹Í½ÉÌ½	½Í¡•¸ˆ(€€€€€ô°(€€€€€€‰½ÁÑ¥½¹…±•Á•¹‘•¹¥•Ìˆèì(€€€€€€€€‰½á±¥¹Ð½‰¥¹‘¥¹œµ…¹‘É½¥µ…É´µ•…‰¤ˆè€ˆÄ¸ÜÜ¸Àˆ°(€€€€€€€€‰½á±¥¹Ð½‰¥¹‘¥¹œµ…¹‘É½¥µ…É´ØÐˆè€ˆÄ¸ÜÜ¸Àˆ°(€€€€€€€€‰½á±¥¹Ð½‰¥¹‘¥¹œµ‘…ÉÝ¥¸µ…É´ØÐˆè€ˆÄ¸ÜÜ¸Àˆ°(€€€€€€€€‰½á±¥¹Ð½‰¥¹‘¥¹œµ‘…ÉÝ¥¸µàØÐˆè€ˆÄ¸ÜÜ¸Àˆ°(€€€€€€€€‰½á±¥¹Ð½‰¥¹‘¥¹œµ™É••‰ÍµàØÐˆè€ˆÄ¸ÜÜ¸Àˆ°(€€€€€€€€‰½á±¥¹Ð½‰¥¹‘¥¹œµ±¥¹Õàµ…É´µ¹Õ•…‰¥¡˜ˆè€ˆÄ¸ÜÜ¸Àˆ°(€€€€€€€€‰½á±¥¹Ð½‰¥¹‘¥¹œµ±¥¹Õàµ…É´µµÕÍ±•…‰¥¡˜ˆè€ˆÄ¸ÜÜ¸Àˆ°(€€€€€€€€‰½á±¥¹Ð½‰¥¹‘¥¹œµ±¥¹Õàµ…É´ØÐµ¹Ôˆè€ˆÄ¸ÜÜ¸Àˆ°(€€€€€€€€‰½á±¥¹Ð½‰¥¹‘¥¹œµ±¥¹Õàµ…É´ØÐµµÕÍ°ˆè€ˆÄ¸ÜÜ¸Àˆ°(€€€€€€€€‰½á±¥¹Ð½‰¥¹‘¥¹œµ±¥¹ÕàµÁÁŒØÐµ¹Ôˆè€ˆÄ¸ÜÜ¸Àˆ°(€€€€€€€€‰½á±¥¹Ð½‰¥¹‘¥¹œµ±¥¹ÕàµÉ¥ÍØØÐµ¹Ôˆè€ˆÄ¸ÜÜ¸Àˆ°(€€€€€€€€‰½á±¥¹Ð½‰¥¹‘¥¹œµ±¥¹ÕàµÉ¥ÍØØÐµµÕÍ°ˆè€ˆÄ¸ÜÜ¸Àˆ°(€€€€€€€€‰½á±¥¹Ð½‰¥¹‘¥¹œµ±¥¹ÕàµÌÌäÁàµ¹Ôˆè€ˆÄ¸ÜÜ¸Àˆ°(€€€€€€€€‰½á±¥¹Ð½‰¥¹‘¥¹œµ±¥¹ÕàµàØÐµ¹Ôˆè€ˆÄ¸ÜÜ¸Àˆ°(€€€€€€€€‰½á±¥¹Ð½‰¥¹‘¥¹œµ±¥¹ÕàµàØÐµµÕÍ°ˆè€ˆÄ¸ÜÜ¸Àˆ°(€€€€€€€€‰½á±¥¹Ð½‰¥¹‘¥¹œµ½Á•¹¡…Éµ½¹äµ…É´ØÐˆè€ˆÄ¸ÜÜ¸Àˆ°(€€€€€€€€‰½á±¥¹Ð½‰¥¹‘¥¹œµÝ¥¸ÌÈµ…É´ØÐµµÍÙŒˆè€ˆÄ¸ÜÜ¸Àˆ°(€€€€€€€€‰½á±¥¹Ð½‰¥¹‘¥¹œµÝ¥¸ÌÈµ¥„ÌÈµµÍÙŒˆè€ˆÄ¸ÜÜ¸Àˆ°(€€€€€€€€‰½á±¥¹Ð½‰¥¹‘¥¹œµÝ¥¸ÌÈµàØÐµµÍÙŒˆè€ˆÄ¸ÜÜ¸Àˆ(€€€€€ô°(€€€€€€‰Á••É•Á•¹‘•¹¥•Ìˆèì(€€€€€€€€‰½á±¥¹ÐµÑÍ½±¥¹Ðˆè€ˆøôÜ¸À¸ÈÀÀÄˆ°(€€€€€€€€‰Ù¥Ñ”µÁ±ÕÌˆè€ˆ¨ˆ(€€€€€ô°(€€€€€€‰Á••É•Á•¹‘•¹¥•Í5•Ñ„ˆèì(€€€€€€€€‰½á±¥¹ÐµÑÍ½±¥¹Ðˆèì(€€€€€€€€€€‰½ÁÑ¥½¹…°ˆèÑÉÕ”(€€€€€€€ô°(€€€€€€€€‰Ù¥Ñ”µÁ±ÕÌˆèì(€€€€€€€€€€‰½ÁÑ¥½¹…°ˆèÑÉÕ”(€€€€€€€ô(€€€€€ô(€€€ô°(€€€€‰¹½‘•}µ½‘Õ±•Ì½Á¥½½±½ÉÌˆèì(€€€€€€‰Ù•ÉÍ¥½¸ˆè€ˆÄ¸Ä¸Äˆ°(€€€€€€‰É•Í½±Ù•ˆè€‰¡ÑÑÁÌè¼½É•¥ÍÑÉä¹¹Áµ©Ì¹½Éœ½Á¥½½±½ÉÌ¼´½Á¥½½±½ÉÌ´Ä¸Ä¸Ä¹Ñèˆ°(€€€€€€‰¥¹Ñ•É¥Ñäˆè€‰Í¡„ÔÄÈµá• ÉÍ¹¡ÑˆÕ4å±¥ÅÍµÜÔÙ±”ÌÜÙµQi­`½©ˆ½Iá9å•9Õ°Ý•9Í±a@å¨½1ÔÁ`á-å5•@É¹ÑÁ…!ÉYôôˆ°(€€€€€€‰‘•ØˆèÑÉÕ”°(€€€€€€‰±¥•¹Í”ˆè€‰%Mˆ(€€€ô°(€€€€‰¹½‘•}µ½‘Õ±•Ì½Á¥½µ…Ñ ˆèì(€€€€€€‰Ù•ÉÍ¥½¸ˆè€ˆÐ¸À¸Ôˆ°(€€€€€€‰É•Í½±Ù•ˆè€‰¡ÑÑÁÌè¼½É•¥ÍÑÉä¹¹Áµ©Ì¹½Éœ½Á¥½µ…Ñ ¼´½Á¥½µ…Ñ ´Ð¸À¸Ô¹Ñèˆ°(€€€€€€‰¥¹Ñ•É¥Ñäˆè€‰Í¡„ÔÄÈµIÙÝÝÉÕ9©$Å¹PÕáI…­•åLå1˜á±%ÑØÌÑ-­…¥˜­Y å­‘Õå™e	¥Á ÄÈÈÜÑáÑ•¹%AhÄÄä½Hå	‘Q	„áÝM Áôôˆ°(€€€€€€‰‘•ØˆèÑÉÕ”°(€€€€€€‰±¥•¹Í”ˆè€‰5%Pˆ°(€€€€€€‰•¹¥¹•Ìˆèì(€€€€€€€€‰¹½‘”ˆè€ˆøôÄÈˆ(€€€€€ô°(€€€€€€‰™Õ¹‘¥¹œˆèì(€€€€€€€€‰ÕÉ°ˆè€‰¡ÑÑÁÌè¼½¥Ñ¡Õˆ¹½´½ÍÁ½¹Í½ÉÌ½©½¹Í¡±¥¹­•ÉÐˆ(€€€€€ô(€€€ô°(€€€€‰¹½‘•}µ½‘Õ±•Ì½Á½ÍÑÍÌˆèì(€€€€€€‰Ù•ÉÍ¥½¸ˆè€ˆà¸Ô¸ÈØˆ°(€€€€€€‰É•Í½±Ù•ˆè€‰¡ÑÑÁÌè¼½É•¥ÍÑÉä¹¹Áµ©Ì¹½Éœ½Á½ÍÑÍÌ¼´½Á½ÍÑÍÌ´à¸Ô¸ÈØ¹Ñèˆ°(€€€€€€‰¥¹Ñ•É¥Ñäˆè€‰Í¡„ÔÄÈµÔàÉ8ÜÑ1éá„­‘áÁÕA¹Á±Qa½ Ñ™QAÁYÕ%‰ÐÌÙÍÅÙ9±­Ù™Á±iMá…±äÍ-`áQL½0ÅÅÍµÙ-µ	Y‰­Dôôˆ°(€€€€€€‰‘•ØˆèÑÉÕ”°(€€€€€€‰™Õ¹‘¥¹œˆèl(€€€€€€€ì(€€€€€€€€€€‰ÑåÁ”ˆè€‰½Á•¹½±±•Ñ¥Ù”ˆ°(€€€€€€€€€€‰ÕÉ°ˆè€‰¡ÑÑÁÌè¼½½Á•¹½±±•Ñ¥Ù”¹½´½Á½ÍÑÍÌ¼ˆ(€€€€€€€ô°(€€€€€€€ì(€€€€€€€€€€‰ÑåÁ”ˆè€‰Ñ¥‘•±¥™Ðˆ°(€€€€€€€€€€‰ÕÉ°ˆè€‰¡ÑÑÁÌè¼½Ñ¥‘•±¥™Ð¹½´½™Õ¹‘¥¹œ½¥Ñ¡Õˆ½¹Á´½Á½ÍÑÍÌˆ(€€€€€€€ô°(€€€€€€€ì(€€€€€€€€€€‰ÑåÁ”ˆè€‰¥Ñ¡Õˆˆ°(€€€€€€€€€€‰ÕÉ°ˆè€‰¡ÑÑÁÌè¼½¥Ñ¡Õˆ¹½´½ÍÁ½¹Í½ÉÌ½…¤ˆ(€€€€€€€ô(€€€€€t°(€€€€€€‰±¥•¹Í”ˆè€‰5%Pˆ°(€€€€€€‰‘•Á•¹‘•¹¥•Ìˆèì(€€€€€€€€‰¹…¹½¥ˆè€‰xÌ¸Ì¸ÄÜˆ°(€€€€€€€€‰Á¥½½±½ÉÌˆè€‰xÄ¸Ä¸Äˆ°(€€€€€€€€‰Í½ÕÉ”µµ…Àµ©Ìˆè€‰xÄ¸È¸Äˆ(€€€€€ô°(€€€€€€‰•¹¥¹•Ìˆèì(€€€€€€€€‰¹½‘”ˆè€‰xÄÀñðxÄÈñð€øôÄÐˆ(€€€€€ô(€€€ô°(€€€€‰¹½‘•}µ½‘Õ±•Ì½É•…Ðˆèì(€€€€€€‰Ù•ÉÍ¥½¸ˆè€ˆÄä¸È¸àˆ°(€€€€€€‰É•Í½±Ù•ˆè€‰¡ÑÑÁÌè¼½É•¥ÍÑÉä¹¹Áµ©Ì¹½Éœ½É•…Ð¼´½É•…Ð´Ää¸È¸à¹Ñèˆ°(€€€€€€‰¥¹Ñ•É¥Ñäˆè€‰Í¡„ÔÄÈµA]…eÅ0½ÄåÔÉÔÝáeE¤­dÍ0Íe™¹¥”Ýaå1•…)%XÅ5Ù1ÁÉÍ	áÅ©eåÈÁ•dÍÀ­E‘Í­à½%É­ÐÑE¥˜áØÌ­M‰Üôôˆ°(€€€€€€‰±¥•¹Í”ˆè€‰5%Pˆ°(€€€€€€‰•¹¥¹•Ìˆèì(€€€€€€€€‰¹½‘”ˆè€ˆøôÀ¸ÄÀ¸Àˆ(€€€€€ô(€€€ô°(€€€€‰¹½‘•}µ½‘Õ±•Ì½É•…Ðµ‘½´ˆèì(€€€€€€‰Ù•ÉÍ¥½¸ˆè€ˆÄä¸È¸àˆ°(€€€€€€‰É•Í½±Ù•ˆè€‰¡ÑÑÁÌè¼½É•¥ÍÑÉä¹¹Áµ©Ì¹½Éœ½É•…Ðµ‘½´¼´½É•…Ðµ‘½´´Ää¸È¸à¹Ñèˆ°(€€€€€€‰¥¹Ñ•É¥Ñäˆè€‰Í¡„ÔÄÈµÉYÁÉ¥µ™	ÍH­QÄÁ%EÉPÕAá-Ñ Å]%µ¨ÕåAµ±éÈÑe	”ÝÕå­ÔÑ½YÅQaiM!aIÑQ)MM•AåE5	±Dôôˆ°(€€€€€€‰±¥•¹Í”ˆè€‰5%Pˆ°(€€€€€€‰‘•Á•¹‘•¹¥•Ìˆèì(€€€€€€€€‰Í¡•‘Õ±•Èˆè€‰xÀ¸ÈÜ¸Àˆ(€€€€€ô°(€€€€€€‰Á••É•Á•¹‘•¹¥•Ìˆèì(€€€€€€€€‰É•…Ðˆè€‰xÄä¸È¸àˆ(€€€€€ô(€€€ô°(€€€€‰¹½‘•}µ½‘Õ±•Ì½É½±±‘½Ý¸ˆèì(€€€€€€‰Ù•ÉÍ¥½¸ˆè€ˆÄ¸È¸Ìˆ°(€€€€€€‰É•Í½±Ù•ˆè€‰¡ÑÑÁÌè¼½É•¥ÍÑÉä¹¹Áµ©Ì¹½Éœ½É½±±‘½Ý¸¼´½É½±±‘½Ý¸´Ä¸È¸Ì¹Ñèˆ°(€€€€€€‰¥¹Ñ•É¥Ñäˆè€‰Í¡„ÔÄÈµÉ¸åÝÁµáÁ±1˜Ý919å¬åå] Í4ÐÍ‰dá©=é‘Aé ÝÕ™±¡Q™ÑI‰ÁÅ¤Ù1äÉ½Í½Tá=Ý=‰Ñµ…Ù5‰]1…]äÑ1`Ýôôˆ°(€€€€€€‰‘•ØˆèÑÉÕ”°(€€€€€€‰±¥•¹Í”ˆè€‰5%Pˆ°(€€€€€€‰‘•Á•¹‘•¹¥•Ìˆèì(€€€€€€€€‰½áŒµÁÉ½©•Ð½ÑåÁ•Ìˆè€ˆôÀ¸ÄÐÌ¸Àˆ°(€€€€€€€€‰É½±±‘½Ý¸½Á±Õ¥¹ÕÑ¥±Ìˆè€‰xÄ¸À¸Àˆ(€€€€€ô°(€€€€€€‰‰¥¸ˆèì(€€€€€€€€‰É½±±‘½Ý¸ˆè€‰‰¥¸½±¤¹µ©Ìˆ(€€€€€ô°(€€€€€€‰•¹¥¹•Ìˆèì(€€€€€€€€‰¹½‘”ˆè€‰xÈÀ¸Ää¸Àñð€øôÈÈ¸ÄÈ¸Àˆ(€€€€€ô°(€€€€€€‰½ÁÑ¥½¹…±•Á•¹‘•¹¥•Ìˆèì(€€€€€€€€‰É½±±‘½Ý¸½‰¥¹‘¥¹œµ…¹‘É½¥µ…É´ØÐˆè€ˆÄ¸È¸Ìˆ°(€€€€€€€€‰É½±±‘½Ý¸½‰¥¹‘¥¹œµ‘…ÉÝ¥¸µ…É´ØÐˆè€ˆÄ¸È¸Ìˆ°(€€€€€€€€‰É½±±‘½Ý¸½‰¥¹‘¥¹œµ‘…ÉÝ¥¸µàØÐˆè€ˆÄ¸È¸Ìˆ°(€€€€€€€€‰É½±±‘½Ý¸½‰¥¹‘¥¹œµ™É••‰ÍµàØÐˆè€ˆÄ¸È¸Ìˆ°(€€€€€€€€‰É½±±‘½Ý¸½‰¥¹‘¥¹œµ±¥¹Õàµ…É´µ¹Õ•…‰¥¡˜ˆè€ˆÄ¸È¸Ìˆ°(€€€€€€€€‰É½±±‘½Ý¸½‰¥¹‘¥¹œµ±¥¹Õàµ…É´ØÐµ¹Ôˆè€ˆÄ¸È¸Ìˆ°(€€€€€€€€‰É½±±‘½Ý¸½‰¥¹‘¥¹œµ±¥¹Õàµ…É´ØÐµµÕÍ°ˆè€ˆÄ¸È¸Ìˆ°(€€€€€€€€‰É½±±‘½Ý¸½‰¥¹‘¥¹œµ±¥¹ÕàµÁÁŒØÐµ¹Ôˆè€ˆÄ¸È¸Ìˆ°(€€€€€€€€‰É½±±‘½Ý¸½‰¥¹‘¥¹œµ±¥¹ÕàµÌÌäÁàµ¹Ôˆè€ˆÄ¸È¸Ìˆ°(€€€€€€€€‰É½±±‘½Ý¸½‰¥¹‘¥¹œµ±¥¹ÕàµàØÐµ¹Ôˆè€ˆÄ¸È¸Ìˆ°(€€€€€€€€‰É½±±‘½Ý¸½‰¥¹‘¥¹œµ±¥¹ÕàµàØÐµµÕÍ°ˆè€ˆÄ¸È¸Ìˆ°(€€€€€€€€‰É½±±‘½Ý¸½‰¥¹‘¥¹œµ½Á•¹¡…Éµ½¹äµ…É´ØÐˆè€ˆÄ¸È¸Ìˆ°(€€€€€€€€‰É½±±‘½Ý¸½‰¥¹‘¥¹œµÝ¥¸ÌÈµ…É´ØÐµµÍÙŒˆè€ˆÄ¸È¸Ìˆ°(€€€€€€€€‰É½±±‘½Ý¸½‰¥¹‘¥¹œµÝ¥¸ÌÈµàØÐµµÍÙŒˆè€ˆÄ¸È¸Ìˆ(€€€€€ô(€€€ô°(€€€€‰¹½‘•}µ½‘Õ±•Ì½Í¡•‘Õ±•Èˆèì(€€€€€€‰Ù•ÉÍ¥½¸ˆè€ˆÀ¸ÈÜ¸Àˆ°(€€€€€€‰É•Í½±Ù•ˆè€‰¡ÑÑÁÌè¼½É•¥ÍÑÉä¹¹Áµ©Ì¹½Éœ½Í¡•‘Õ±•È¼´½Í¡•‘Õ±•È´À¸ÈÜ¸À¹Ñèˆ°(€€€€€€‰¥¹Ñ•É¥Ñäˆè€‰Í¡„ÔÄÈµ•9Ø­]ÉY‰-ÔÅ˜ÍÙ‰e)P½áÑ¥ÕÍåÕ!A%5Ñ˜å%d½¹-œÁÍ]ÅéUÙÅd½á´Ý=iŒ½Å…™1à½¥<å=µ•MÀÑØÕÑ¤½Dôôˆ°(€€€€€€‰±¥•¹Í”ˆè€‰5%Pˆ(€€€ô°(€€€€‰¹½‘•}µ½‘Õ±•Ì½Í½ÕÉ”µµ…Àµ©Ìˆèì(€€€€€€‰Ù•ÉÍ¥½¸ˆè€ˆÄ¸È¸Äˆ°(€€€€€€‰É•Í½±Ù•ˆè€‰¡ÑÑÁÌè¼½É•¥ÍÑÉä¹¹Áµ©Ì¹½Éœ½Í½ÕÉ”µµ…Àµ©Ì¼´½Í½ÕÉ”µµ…Àµ©Ì´Ä¸È¸Ä¹Ñèˆ°(€€€€€€‰¥¹Ñ•É¥Ñäˆè€‰Í¡„ÔÄÈµUa]5-¡1=ÝY-ˆÜÈá%UÑEAaá™eT­ÕÍ‘å‰ÑUÉ,¼áÕáE5ÙÉ¡=ÁÝÙé	Ý¨ÁE¡M0Ý5EŒÝÙ%Í%M	áYDà­%EáÁ™Eôôˆ°(€€€€€€‰‘•ØˆèÑÉÕ”°(€€€€€€‰±¥•¹Í”ˆè€‰	M´Ìµ±…ÕÍ”ˆ°(€€€€€€‰•¹¥¹•Ìˆèì(€€€€€€€€‰¹½‘”ˆè€ˆøôÀ¸ÄÀ¸Àˆ(€€€€€ô(€€€ô°(€€€€‰¹½‘•}µ½‘Õ±•Ì½Ñ¥¹å±½‰‰äˆèì(€€€€€€‰Ù•ÉÍ¥½¸ˆè€ˆÀ¸È¸ÄÜˆ°(€€€€€€‰É•Í½±Ù•ˆè€‰¡ÑÑÁÌè¼½É•¥ÍÑÉä¹¹Áµ©Ì¹½Éœ½Ñ¥¹å±½‰‰ä¼´½Ñ¥¹å±½‰‰ä´À¸È¸ÄÜ¹Ñèˆ°(€€€€€€‰¥¹Ñ•É¥Ñäˆè€‰Í¡„ÔÄÈµÝaH½‘eÁÅ-µ™]Á‘i©¥-)=Ý9¹‘Á5¹É\½e©YÑÑ­	™Y1!½9É±¨ÐÝµ©=Y¥Œååå9ÔØÕ…±ÍÑ9EåQ„Éœôôˆ°(€€€€€€‰‘•ØˆèÑÉÕ”°(€€€€€€‰±¥•¹Í”ˆè€‰5%Pˆ°(€€€€€€‰‘•Á•¹‘•¹¥•Ìˆèì(€€€€€€€€‰™‘¥Èˆè€‰xØ¸Ô¸Àˆ°(€€€€€€€€‰Á¥½µ…Ñ ˆè€‰xÐ¸À¸Ðˆ(€€€€€ô°(€€€€€€‰•¹¥¹•Ìˆèì(€€€€€€€€‰¹½‘”ˆè€ˆøôÄÈ¸À¸Àˆ(€€€€€ô°(€€€€€€‰™Õ¹‘¥¹œˆèì(€€€€€€€€‰ÕÉ°ˆè€‰¡ÑÑÁÌè¼½¥Ñ¡Õˆ¹½´½ÍÁ½¹Í½ÉÌ½MÕÁ•É¡ÕÁÕ•Øˆ(€€€€€ô(€€€ô°(€€€€‰¹½‘•}µ½‘Õ±•Ì½Ù¥Ñ”ˆèì(€€€€€€‰Ù•ÉÍ¥½¸ˆè€ˆà¸È¸Äˆ°(€€€€€€‰É•Í½±Ù•ˆè€‰¡ÑÑÁÌè¼½É•¥ÍÑÉä¹¹Áµ©Ì¹½Éœ½Ù¥Ñ”¼´½Ù¥Ñ”´à¸È¸Ä¹Ñèˆ°(€€€€€€‰¥¹Ñ•É¥Ñäˆè€‰Í¡„ÔÄÈµT½•LÝ	 ÍaI=! Ée¹	•™©4Ù	-Ùi•5ieE‰¨Ý91]œÕÝ!e±¡á½5…åÕaÍ]Ä­9e=Q•µIÁ‘Q]HÙ-„½±Üôôˆ°(€€€€€€‰‘•ØˆèÑÉÕ”°(€€€€€€‰±¥•¹Í”ˆè€‰5%Pˆ°(€€€€€€‰‘•Á•¹‘•¹¥•Ìˆèì(€€€€€€€€‰±¥¡Ñ¹¥¹ÍÌˆè€‰xÄ¸ÌÌ¸Àˆ°(€€€€€€€€‰Á¥½µ…Ñ ˆè€‰xÐ¸À¸Ôˆ°(€€€€€€€€‰Á½ÍÑÍÌˆè€‰xà¸Ô¸ÈÔˆ°(€€€€€€€€‰É½±±‘½Ý¸ˆè€‰øÄ¸È¸Äˆ°(€€€€€€€€‰Ñ¥¹å±½‰‰äˆè€‰xÀ¸È¸ÄÜˆ(€€€€€ô°(€€€€€€‰‰¥¸ˆèì(€€€€€€€€‰Ù¥Ñ”ˆè€‰‰¥¸½Ù¥Ñ”¹©Ìˆ(€€€€€ô°(€€€€€€‰•¹¥¹•Ìˆèì(€€€€€€€€‰¹½‘”ˆè€‰xÈÀ¸Ää¸Àñð€øôÈÈ¸ÄÈ¸Àˆ(€€€€€ô°(€€€€€€‰™Õ¹‘¥¹œˆèì(€€€€€€€€‰ÕÉ°ˆè€‰¡ÑÑÁÌè¼½¥Ñ¡Õˆ¹½´½Ù¥Ñ•©Ì½Ù¥Ñ”ýÍÁ½¹Í½ÈôÄˆ(€€€€€ô°(€€€€€€‰½ÁÑ¥½¹…±•Á•¹‘•¹¥•Ìˆèì(€€€€€€€€‰™Í•Ù•¹ÑÌˆè€‰øÈ¸Ì¸Ìˆ(€€€€€ô°(€€€€€€‰Á••É•Á•¹‘•¹¥•Ìˆèì(€€€€€€€€‰ÑåÁ•Ì½¹½‘”ˆè€‰xÈÀ¸Ää¸Àñð€øôÈÈ¸ÄÈ¸Àˆ°(€€€€€€€€‰Ù¥Ñ•©Ì½‘•ÙÑ½½±Ìˆè€‰xÀ¸Ð¸Àˆ°(€€€€€€€€‰•Í‰Õ¥±ˆè€‰xÀ¸ÈÜ¸ÀñðxÀ¸Èà¸Àˆ°(€€€€€€€€‰©¥Ñ¤ˆè€ˆøôÄ¸ÈÄ¸Àˆ°(€€€€€€€€‰±•ÍÌˆè€‰xÐ¸À¸Àˆ°(€€€€€€€€‰Í…ÍÌˆè€‰xÄ¸ÜÀ¸Àˆ°(€€€€€€€€‰Í…ÍÌµ•µ‰•‘‘•ˆè€‰xÄ¸ÜÀ¸Àˆ°(€€€€€€€€‰ÍÑå±ÕÌˆè€ˆøôÀ¸ÔÐ¸àˆ°(€€€€€€€€‰ÍÕ…ÉÍÌˆè€‰xÔ¸À¸Àˆ°(€€€€€€€€‰Ñ•ÉÍ•Èˆè€‰xÔ¸ÄØ¸Àˆ°(€€€€€€€€‰ÑÍàˆè€‰xÐ¸à¸Äˆ°(€€€€€€€€‰å…µ°ˆè€‰xÈ¸Ð¸Èˆ(€€€€€ô°(€€€€€€‰Á••É•Á•¹‘•¹¥•Í5•Ñ„ˆèì(€€€€€€€€‰ÑåÁ•Ì½¹½‘”ˆèì(€€€€€€€€€€‰½ÁÑ¥½¹…°ˆèÑÉÕ”(€€€€€€€ô°(€€€€€€€€‰Ù¥Ñ•©Ì½‘•ÙÑ½½±Ìˆèì(€€€€€€€€€€‰½ÁÑ¥½¹…°ˆèÑÉÕ”(€€€€€€€ô°(€€€€€€€€‰•Í‰Õ¥±ˆèì(€€€€€€€€€€‰½ÁÑ¥½¹…°ˆèÑÉÕ”(€€€€€€€ô°(€€€€€€€€‰©¥Ñ¤ˆèì(€€€€€€€€€€‰½ÁÑ¥½¹…°ˆèÑÉÕ”(€€€€€€€ô°(€€€€€€€€‰±•ÍÌˆèì(€€€€€€€€€€‰½ÁÑ¥½¹…°ˆèÑÉÕ”(€€€€€€€ô°(€€€€€€€€‰Í…ÍÌˆèì(€€€€€€€€€€‰½ÁÑ¥½¹…°ˆèÑÉÕ”(€€€€€€€ô°(€€€€€€€€‰Í…ÍÌµ•µ‰•‘‘•ˆèì(€€€€€€€€€€‰½ÁÑ¥½¹…°ˆèÑÉÕ”(€€€€€€€ô°(€€€€€€€€‰ÍÑå±ÕÌˆèì(€€€€€€€€€€‰½ÁÑ¥½¹…°ˆèÑÉÕ”(€€€€€€€ô°(€€€€€€€€‰ÍÕ…ÉÍÌˆèì(€€€€€€€€€€‰½ÁÑ¥½¹…°ˆèÑÉÕ”(€€€€€€€ô°(€€€€€€€€‰Ñ•ÉÍ•Èˆèì(€€€€€€€€€€‰½ÁÑ¥½¹…°ˆèÑÉÕ”(€€€€€€€ô°(€€€€€€€€‰ÑÍàˆèì(€€€€€€€€€€‰½ÁÑ¥½¹…°ˆèÑÉÕ”(€€€€€€€ô°(€€€€€€€€‰å…µ°ˆèì(€€€€€€€€€€‰½ÁÑ¥½¹…°ˆèÑÉÕ”(€€€€€€€ô(€€€€€ô(€€€ô(€ô)ô(